
Microsoft Visual Studio Solution File, Format Version 12.00
# Visual Studio Version 17
VisualStudioVersion = 17.2.32616.157
MinimumVisualStudioVersion = 10.0.40219.1
Project("{FAE04EC0-301F-11D3-BF4B-00C04F79EFBC}") = "SyncExample", "SyncExample\SyncExample.csproj", "{834CA360-B7A0-4DEE-99E1-D1F25B22C606}"
EndProject
Project("{FAE04EC0-301F-11D3-BF4B-00C04F79EFBC}") = "AsyncExample", "AsyncExample\AsyncExample.csproj", "{48021DE5-EA89-4480-9C49-CFE0AED8F7E8}"
EndProject
Global
	GlobalSection(SolutionConfigurationPlatforms) = preSolution
		Debug|Any CPU = Debug|Any CPU
		Release|Any CPU = Release|Any CPU
	EndGlobalSection
	GlobalSection(ProjectConfigurationPlatforms) = postSolution
		{834CA360-B7A0-4DEE-99E1-D1F25B22C606}.Debug|Any CPU.ActiveCfg = Debug|Any CPU
		{834CA360-B7A0-4DEE-99E1-D1F25B22C606}.Debug|Any CPU.Build.0 = Debug|Any CPU
		{834CA360-B7A0-4DEE-99E1-D1F25B22C606}.Release|Any CPU.ActiveCfg = Release|Any CPU
		{834CA360-B7A0-4DEE-99E1-D1F25B22C606}.Release|Any CPU.Build.0 = Release|Any CPU
		{48021DE5-EA89-4480-9C49-CFE0AED8F7E8}.Debug|Any CPU.ActiveCfg = Debug|Any CPU
		{48021DE5-EA89-4480-9C49-CFE0AED8F7E8}.Debug|Any CPU.Build.0 = Debug|Any CPU
		{48021DE5-EA89-4480-9C49-CFE0AED8F7E8}.Release|Any CPU.ActiveCfg = Release|Any CPU
		{48021DE5-EA89-4480-9C49-CFE0AED8F7E8}.Release|Any CPU.Build.0 = Release|Any CPU
	EndGlobalSection
	GlobalSection(SolutionProperties) = preSolution
		HideSolutionNode = FALSE
	EndGlobalSection
	GlobalSection(ExtensibilityGlobals) = postSolution
		SolutionGuid = {BED2CA40-D3B0-49E2-B55C-D3E82DFCF45A}
	EndGlobalSection
EndGlobal
